// !$*UTF8*$!
{
	archiveVersion = 1;
	classes = {
	};
	objectVersion = 55;
	objects = {

/* Begin PBXBuildFile section */
		022815CC3531EC27A1DB8A5C /* Pods_StockPrice.framework in Frameworks */ = {isa = PBXBuildFile; fileRef = DE625E333355EFE8C9029F94 /* Pods_StockPrice.framework */; };
		37A57F7028034B1C006CF42B /* AppDelegate.swift in Sources */ = {isa = PBXBuildFile; fileRef = 37A57F6F28034B1C006CF42B /* AppDelegate.swift */; };
		37A57F7228034B1C006CF42B /* SceneDelegate.swift in Sources */ = {isa = PBXBuildFile; fileRef = 37A57F7128034B1C006CF42B /* SceneDelegate.swift */; };
		37A57F7428034B1C006CF42B /* ViewController.swift in Sources */ = {isa = PBXBuildFile; fileRef = 37A57F7328034B1C006CF42B /* ViewController.swift */; };
		37A57F7728034B1C006CF42B /* Main.storyboard in Resources */ = {isa = PBXBuildFile; fileRef = 37A57F7528034B1C006CF42B /* Main.storyboard */; };
		37A57F7928034B1F006CF42B /* Assets.xcassets in Resources */ = {isa = PBXBuildFile; fileRef = 37A57F7828034B1F006CF42B /* Assets.xcassets */; };
		37A57F7C28034B1F006CF42B /* LaunchScreen.storyboard in Resources */ = {isa = PBXBuildFile; fileRef = 37A57F7A28034B1F006CF42B /* LaunchScreen.storyboard */; };
		37A57F8528035551006CF42B /* APIKeyFile.swift in Sources */ = {isa = PBXBuildFile; fileRef = 37A57F8428035551006CF42B /* APIKeyFile.swift */; };
		37A57F8828035678006CF42B /* StockQuoteModel.swift in Sources */ = {isa = PBXBuildFile; fileRef = 37A57F8728035677006CF42B /* StockQuoteModel.swift */; };
		37A57F8A280358D0006CF42B /* APIURLsFile.swift in Sources */ = {isa = PBXBuildFile; fileRef = 37A57F89280358D0006CF42B /* APIURLsFile.swift */; };
		37A57F8E28035B07006CF42B /* CustomTableViewCell.swift in Sources */ = {isa = PBXBuildFile; fileRef = 37A57F8C28035B06006CF42B /* CustomTableViewCell.swift */; };
		37A57F8F28035B07006CF42B /* CustomTableViewCell.xib in Resources */ = {isa = PBXBuildFile; fileRef = 37A57F8D28035B06006CF42B /* CustomTableViewCell.xib */; };
		37A57F9128035E08006CF42B /* ProtocelSendStockData.swift in Sources */ = {isa = PBXBuildFile; fileRef = 37A57F9028035E08006CF42B /* ProtocelSendStockData.swift */; };
		37A57F9328036106006CF42B /* NetworkFunctions.swift in Sources */ = {isa = PBXBuildFile; fileRef = 37A57F9228036106006CF42B /* NetworkFunctions.swift */; };
		37A57F9728038B6D006CF42B /* TableViewCode.swift in Sources */ = {isa = PBXBuildFile; fileRef = 37A57F9628038B6D006CF42B /* TableViewCode.swift */; };
/* End PBXBuildFile section */

/* Begin PBXFileReference section */
		04CD1912140C63CB4CC94F98 /* Pods-StockPrice.debug.xcconfig */ = {isa = PBXFileReference; includeInIndex = 1; lastKnownFileType = text.xcconfig; name = "Pods-StockPrice.debug.xcconfig"; path = "Target Support Files/Pods-StockPrice/Pods-StockPrice.debug.xcconfig"; sourceTree = "<group>"; };
		37A57F6C28034B1C006CF42B /* StockPrice.app */ = {isa = PBXFileReference; explicitFileType = wrapper.application; includeInIndex = 0; path = StockPrice.app; sourceTree = BUILT_PRODUCTS_DIR; };
		37A57F6F28034B1C006CF42B /* AppDelegate.swift */ = {isa = PBXFileReference; lastKnownFileType = sourcecode.swift; path = AppDelegate.swift; sourceTree = "<group>"; };
		37A57F7128034B1C006CF42B /* SceneDelegate.swift */ = {isa = PBXFileReference; lastKnownFileType = sourcecode.swift; path = SceneDelegate.swift; sourceTree = "<group>"; };
		37A57F7328034B1C006CF42B /* ViewController.swift */ = {isa = PBXFileReference; lastKnownFileType = sourcecode.swift; name = ViewController.swift; path = "../New Group/ViewController.swift"; sourceTree = "<group>"; };
		37A57F7628034B1C006CF42B /* Base */ = {isa = PBXFileReference; lastKnownFileType = file.storyboard; name = Base; path = Base.lproj/Main.storyboard; sourceTree = "<group>"; };
		37A57F7828034B1F006CF42B /* Assets.xcassets */ = {isa = PBXFileReference; lastKnownFileType = folder.assetcatalog; path = Assets.xcassets; sourceTree = "<group>"; };
		37A57F7B28034B1F006CF42B /* Base */ = {isa = PBXFileReference; lastKnownFileType = file.storyboard; name = Base; path = Base.lproj/LaunchScreen.storyboard; sourceTree = "<group>"; };
		37A57F7D28034B1F006CF42B /* Info.plist */ = {isa = PBXFileReference; lastKnownFileType = text.plist.xml; path = Info.plist; sourceTree = "<group>"; };
		37A57F8428035551006CF42B /* APIKeyFile.swift */ = {isa = PBXFileReference; lastKnownFileType = sourcecode.swift; path = APIKeyFile.swift; sourceTree = "<group>"; };
		37A57F8728035677006CF42B /* StockQuoteModel.swift */ = {isa = PBXFileReference; lastKnownFileType = sourcecode.swift; path = StockQuoteModel.swift; sourceTree = "<group>"; };
		37A57F89280358D0006CF42B /* APIURLsFile.swift */ = {isa = PBXFileReference; lastKnownFileType = sourcecode.swift; path = APIURLsFile.swift; sourceTree = "<group>"; };
		37A57F8C28035B06006CF42B /* CustomTableViewCell.swift */ = {isa = PBXFileReference; lastKnownFileType = sourcecode.swift; path = CustomTableViewCell.swift; sourceTree = "<group>"; };
		37A57F8D28035B06006CF42B /* CustomTableViewCell.xib */ = {isa = PBXFileReference; lastKnownFileType = file.xib; path = CustomTableViewCell.xib; sourceTree = "<group>"; };
		37A57F9028035E08006CF42B /* ProtocelSendStockData.swift */ = {isa = PBXFileReference; lastKnownFileType = sourcecode.swift; path = ProtocelSendStockData.swift; sourceTree = "<group>"; };
		37A57F9228036106006CF42B /* NetworkFunctions.swift */ = {isa = PBXFileReference; lastKnownFileType = sourcecode.swift; path = NetworkFunctions.swift; sourceTree = "<group>"; };
		37A57F9628038B6D006CF42B /* TableViewCode.swift */ = {isa = PBXFileReference; lastKnownFileType = sourcecode.swift; path = TableViewCode.swift; sourceTree = "<group>"; };
		CEC129AACFC0FC841DF5505A /* Pods-StockPrice.release.xcconfig */ = {isa = PBXFileReference; includeInIndex = 1; lastKnownFileType = text.xcconfig; name = "Pods-StockPrice.release.xcconfig"; path = "Target Support Files/Pods-StockPrice/Pods-StockPrice.release.xcconfig"; sourceTree = "<group>"; };
		DE625E333355EFE8C9029F94 /* Pods_StockPrice.framework */ = {isa = PBXFileReference; explicitFileType = wrapper.framework; includeInIndex = 0; path = Pods_StockPrice.framework; sourceTree = BUILT_PRODUCTS_DIR; };
/* End PBXFileReference section */

/* Begin PBXFrameworksBuildPhase section */
		37A57F6928034B1C006CF42B /* Frameworks */ = {
			isa = PBXFrameworksBuildPhase;
			buildActionMask = 2147483647;
			files = (
				022815CC3531EC27A1DB8A5C /* Pods_StockPrice.framework in Frameworks */,
			);
			runOnlyForDeploymentPostprocessing = 0;
		};
/* End PBXFrameworksBuildPhase section */

/* Begin PBXGroup section */
		37A57F6328034B1C006CF42B = {
			isa = PBXGroup;
			children = (
				37A57F6E28034B1C006CF42B /* StockPrice */,
				37A57F6D28034B1C006CF42B /* Products */,
				49817FE78DA62F26E4484C00 /* Pods */,
				EFFACD0FB447448270D34748 /* Frameworks */,
			);
			sourceTree = "<group>";
		};
		37A57F6D28034B1C006CF42B /* Products */ = {
			isa = PBXGroup;
			children = (
				37A57F6C28034B1C006CF42B /* StockPrice.app */,
			);
			name = Products;
			sourceTree = "<group>";
		};
		37A57F6E28034B1C006CF42B /* StockPrice */ = {
			isa = PBXGroup;
			children = (
				37A57F8B28035AC5006CF42B /* InitialController */,
				37A57F862803563E006CF42B /* Model */,
				37A57F832803552F006CF42B /* Utilities */,
				37A57F6F28034B1C006CF42B /* AppDelegate.swift */,
				37A57F7128034B1C006CF42B /* SceneDelegate.swift */,
				37A57F7528034B1C006CF42B /* Main.storyboard */,
				37A57F7828034B1F006CF42B /* Assets.xcassets */,
				37A57F7A28034B1F006CF42B /* LaunchScreen.storyboard */,
				37A57F7D28034B1F006CF42B /* Info.plist */,
			);
			path = StockPrice;
			sourceTree = "<group>";
		};
		37A57F832803552F006CF42B /* Utilities */ = {
			isa = PBXGroup;
			children = (
				37A57F8428035551006CF42B /* APIKeyFile.swift */,
				37A57F89280358D0006CF42B /* APIURLsFile.swift */,
				37A57F9028035E08006CF42B /* ProtocelSendStockData.swift */,
				37A57F9228036106006CF42B /* NetworkFunctions.swift */,
			);
			path = Utilities;
			sourceTree = "<group>";
		};
		37A57F862803563E006CF42B /* Model */ = {
			isa = PBXGroup;
			children = (
				37A57F8728035677006CF42B /* StockQuoteModel.swift */,
			);
			path = Model;
			sourceTree = "<group>";
		};
		37A57F8B28035AC5006CF42B /* InitialController */ = {
			isa = PBXGroup;
			children = (
				37A57F7328034B1C006CF42B /* ViewController.swift */,
				37A57F8C28035B06006CF42B /* CustomTableViewCell.swift */,
				37A57F8D28035B06006CF42B /* CustomTableViewCell.xib */,
				37A57F9628038B6D006CF42B /* TableViewCode.swift */,
			);
			path = InitialController;
			sourceTree = "<group>";
		};
		49817FE78DA62F26E4484C00 /* Pods */ = {
			isa = PBXGroup;
			children = (
				04CD1912140C63CB4CC94F98 /* Pods-StockPrice.debug.xcconfig */,
				CEC129AACFC0FC841DF5505A /* Pods-StockPrice.release.xcconfig */,
			);
			path = Pods;
			sourceTree = "<group>";
		};
		EFFACD0FB447448270D34748 /* Frameworks */ = {
			isa = PBXGroup;
			children = (
				DE625E333355EFE8C9029F94 /* Pods_StockPrice.framework */,
			);
			name = Frameworks;
			sourceTree = "<group>";
		};
/* End PBXGroup section */

/* Begin PBXNativeTarget section */
		37A57F6B28034B1C006CF42B /* StockPrice */ = {
			isa = PBXNativeTarget;
			buildConfigurationList = 37A57F8028034B1F006CF42B /* Build configuration list for PBXNativeTarget "StockPrice" */;
			buildPhases = (
				82D0345BAB84C14FC8DD4791 /* [CP] Check Pods Manifest.lock */,
				37A57F6828034B1C006CF42B /* Sources */,
				37A57F6928034B1C006CF42B /* Frameworks */,
				37A57F6A28034B1C006CF42B /* Resources */,
				6C55FA1BA2A71345A2F30D69 /* [CP] Embed Pods Frameworks */,
			);
			buildRules = (
			);
			dependencies = (
			);
			name = StockPrice;
			productName = StockPrice;
			productReference = 37A57F6C28034B1C006CF42B /* StockPrice.app */;
			productType = "com.apple.product-type.application";
		};
/* End PBXNativeTarget section */

/* Begin PBXProject section */
		37A57F6428034B1C006CF42B /* Project object */ = {
			isa = PBXProject;
			attributes = {
				BuildIndependentTargetsInParallel = 1;
				LastSwiftUpdateCheck = 1320;
				LastUpgradeCheck = 1320;
				TargetAttributes = {
					37A57F6B28034B1C006CF42B = {
						CreatedOnToolsVersion = 13.2.1;
					};
				};
			};
			buildConfigurationList = 37A57F6728034B1C006CF42B /* Build configuration list for PBXProject "StockPrice" */;
			compatibilityVersion = "Xcode 13.0";
			developmentRegion = en;
			hasScannedForEncodings = 0;
			knownRegions = (
				en,
				Base,
			);
			mainGroup = 37A57F6328034B1C006CF42B;
			productRefGroup = 37A57F6D28034B1C006CF42B /* Products */;
			projectDirPath = "";
			projectRoot = "";
			targets = (
				37A57F6B28034B1C006CF42B /* StockPrice */,
			);
		};
/* End PBXProject section */

/* Begin PBXResourcesBuildPhase section */
		37A57F6A28034B1C006CF42B /* Resources */ = {
			isa = PBXResourcesBuildPhase;
			buildActionMask = 2147483647;
			files = (
				37A57F7C28034B1F006CF42B /* LaunchScreen.storyboard in Resources */,
				37A57F7928034B1F006CF42B /* Assets.xcassets in Resources */,
				37A57F8F28035B07006CF42B /* CustomTableViewCell.xib in Resources */,
				37A57F7728034B1C006CF42B /* Main.storyboard in Resources */,
			);
			runOnlyForDeploymentPostprocessing = 0;
		};
/* End PBXResourcesBuildPhase section */

/* Begin PBXShellScriptBuildPhase section */
		6C55FA1BA2A71345A2F30D69 /* [CP] Embed Pods Frameworks */ = {
			isa = PBXShellScriptBuildPhase;
			buildActionMask = 2147483647;
			files = (
			);
			inputFileListPaths = (
				"${PODS_ROOT}/Target Support Files/Pods-StockPrice/Pods-StockPrice-frameworks-${CONFIGURATION}-input-files.xcfilelist",
			);
			name = "[CP] Embed Pods Frameworks";
			outputFileListPaths = (
				"${PODS_ROOT}/Target Support Files/Pods-StockPrice/Pods-StockPrice-frameworks-${CONFIGURATION}-output-files.xcfilelist",
			);
			runOnlyForDeploymentPostprocessing = 0;
			shellPath = /bin/sh;
			shellScript = "\"${PODS_ROOT}/Target Support Files/Pods-StockPrice/Pods-StockPrice-frameworks.sh\"\n";
			showEnvVarsInLog = 0;
		};
		82D0345BAB84C14FC8DD4791 /* [CP] Check Pods Manifest.lock */ = {
			isa = PBXShellScriptBuildPhase;
			buildActionMask = 2147483647;
			files = (
			);
			inputFileListPaths = (
			);
			inputPaths = (
				"${PODS_PODFILE_DIR_PATH}/Podfile.lock",
				"${PODS_ROOT}/Manifest.lock",
			);
			name = "[CP] Check Pods Manifest.lock";
			outputFileListPaths = (
			);
			outputPaths = (
				"$(DERIVED_FILE_DIR)/Pods-StockPrice-checkManifestLockResult.txt",
			);
			runOnlyForDeploymentPostprocessing = 0;
			shellPath = /bin/sh;
			shellScript = "diff \"${PODS_PODFILE_DIR_PATH}/Podfile.lock\" \"${PODS_ROOT}/Manifest.lock\" > /dev/null\nif [ $? != 0 ] ; then\n    # print error to STDERR\n    echo \"error: The sandbox is not in sync with the Podfile.lock. Run 'pod install' or update your CocoaPods installation.\" >&2\n    exit 1\nfi\n# This output is used by Xcode 'outputs' to avoid re-running this script phase.\necho \"SUCCESS\" > \"${SCRIPT_OUTPUT_FILE_0}\"\n";
			showEnvVarsInLog = 0;
		};
/* End PBXShellScriptBuildPhase section */

/* Begin PBXSourcesBuildPhase section */
		37A57F6828034B1C006CF42B /* Sources */ = {
			isa = PBXSourcesBuildPhase;
			buildActionMask = 2147483647;
			files = (
				37A57F9728038B6D006CF42B /* TableViewCode.swift in Sources */,
				37A57F8828035678006CF42B /* StockQuoteModel.swift in Sources */,
				37A57F7428034B1C006CF42B /* ViewController.swift in Sources */,
				37A57F7028034B1C006CF42B /* AppDelegate.swift in Sources */,
				37A57F8E28035B07006CF42B /* CustomTableViewCell.swift in Sources */,
				37A57F8528035551006CF42B /* APIKeyFile.swift in Sources */,
				37A57F8A280358D0006CF42B /* APIURLsFile.swift in Sources */,
				37A57F9128035E08006CF42B /* ProtocelSendStockData.swift in Sources */,
				37A57F9328036106006CF42B /* NetworkFunctions.swift in Sources */,
				37A57F7228034B1C006CF42B /* SceneDelegate.swift in Sources */,
			);
			runOnlyForDeploymentPostprocessing = 0;
		};
/* End PBXSourcesBuildPhase section */

/* Begin PBXVariantGroup section */
		37A57F7528034B1C006CF42B /* Main.storyboard */ = {
			isa = PBXVariantGroup;
			children = (
				37A57F7628034B1C006CF42B /* Base */,
			);
			name = Main.storyboard;
			sourceTree = "<group>";
		};
		37A57F7A28034B1F006CF42B /* LaunchScreen.storyboard */ = {
			isa = PBXVariantGroup;
			children = (
				37A57F7B28034B1F006CF42B /* Base */,
			);
			name = LaunchScreen.storyboard;
			sourceTree = "<group>";
		};
/* End PBXVariantGroup section */

/* Begin XCBuildConfiguration section */
		37A57F7E28034B1F006CF42B /* Debug */ = {
			isa = XCBuildConfiguration;
			buildSettings = {
				ALWAYS_SEARCH_USER_PATHS = NO;
				CLANG_ANALYZER_NONNULL = YES;
				CLANG_ANALYZER_NUMBER_OBJECT_CONVERSION = YES_AGGRESSIVE;
				CLANG_CXX_LANGUAGE_STANDARD = "gnu++17";
				CLANG_CXX_LIBRARY = "libc++";
				CLANG_ENABLE_MODULES = YES;
				CLANG_ENABLE_OBJC_ARC = YES;
				CLANG_ENABLE_OBJC_WEAK = YES;
				CLANG_WARN_BLOCK_CAPTURE_AUTORELEASING = YES;
				CLANG_WARN_BOOL_CONVERSION = YES;
				CLANG_WARN_COMMA = YES;
				CLANG_WARN_CONSTANT_CONVERSION = YES;
				CLANG_WARN_DEPRECATED_OBJC_IMPLEMENTATIONS = YES;
				CLANG_WARN_DIRECT_OBJC_ISA_USAGE = YES_ERROR;
				CLANG_WARN_DOCUMENTATION_COMMENTS = YES;
				CLANG_WARN_EMPTY_BODY = YES;
				CLANG_WARN_ENUM_CONVERSION = YES;
				CLANG_WARN_INFINITE_RECURSION = YES;
				CLANG_WARN_INT_CONVERSION = YES;
				CLANG_WARN_NON_LITERAL_NULL_CONVERSION = YES;
				CLANG_WARN_OBJC_IMPLICIT_RETAIN_SELF = YES;
				CLANG_WARN_OBJC_LITERAL_CONVERSION = YES;
				CLANG_WARN_OBJC_ROOT_CLASS = YES_ERROR;
				CLANG_WARN_QUOTED_INCLUDE_IN_FRAMEWORK_HEADER = YES;
				CLANG_WARN_RANGE_LOOP_ANALYSIS = YES;
				CLANG_WARN_STRICT_PROTOTYPES = YES;
				CLANG_WARN_SUSPICIOUS_MOVE = YES;
				CLANG_WARN_UNGUARDED_AVAILABILITY = YES_AGGRESSIVE;
				CLANG_WARN_UNREACHABLE_CODE = YES;
				CLANG_WARN__DUPLICATE_METHOD_MATCH = YES;
				COPY_PHASE_STRIP = NO;
				DEBUG_INFORMATION_FORMAT = dwarf;
				ENABLE_STRICT_OBJC_MSGSEND = YES;
				ENABLE_TESTABILITY = YES;
				GCC_C_LANGUAGE_STANDARD = gnu11;
				GCC_DYNAMIC_NO_PIC = NO;
				GCC_NO_COMMON_BLOCKS = YES;
				GCC_OPTIMIZATION_LEVEL = 0;
				GCC_PREPROCESSOR_DEFINITIONS = (
					"DEBUG=1",
					"$(inherited)",
				);
				GCC_WARN_64_TO_32_BIT_CONVERSION = YES;
				GCC_WARN_ABOUT_RETURN_TYPE = YES_ERROR;
				GCC_WARN_UNDECLARED_SELECTOR = YES;
				GCC_WARN_UNINITIALIZED_AUTOS = YES_AGGRESSIVE;
				GCC_WARN_UNUSED_FUNCTION = YES;
				GCC_WARN_UNUSED_VARIABLE = YES;
				IPHONEOS_DEPLOYMENT_TARGET = 15.2;
				MTL_ENABLE_DEBUG_INFO = INCLUDE_SOURCE;
				MTL_FAST_MATH = YES;
				ONLY_ACTIVE_ARCH = YES;
				SDKROOT = iphoneos;
				SWIFT_ACTIVE_COMPILATION_CONDITIONS = DEBUG;
				SWIFT_OPTIMIZATION_LEVEL = "-Onone";
			};
			name = Debug;
		};
		37A57F7F28034B1F006CF42B /* Release */ = {
			isa = XCBuildConfiguration;
			buildSettings = {
				ALWAYS_SEARCH_USER_PATHS = NO;
				CLANG_ANALYZER_NONNULL = YES;
				CLANG_ANALYZER_NUMBER_OBJECT_CONVERSION = YES_AGGRESSIVE;
				CLANG_CXX_LANGUAGE_STANDARD = "gnu++17";
				CLANG_CXX_LIBRARY = "libc++";
				CLANG_ENABLE_MODULES = YES;
				CLANG_ENABLE_OBJC_ARC = YES;
				CLANG_ENABLE_OBJC_WEAK = YES;
				CLANG_WARN_BLOCK_CAPTURE_AUTORELEASING = YES;
				CLANG_WARN_BOOL_CONVERSION = YES;
				CLANG_WARN_COMMA = YES;
				CLANG_WARN_CONSTANT_CONVERSION = YES;
				CLANG_WARN_DEPRECATED_OBJC_IMPLEMENTATIONS = YES;
				CLANG_WARN_DIRECT_OBJC_ISA_USAGE = YES_ERROR;
				CLANG_WARN_DOCUMENTATION_COMMENTS = YES;
				CLANG_WARN_EMPTY_BODY = YES;
				CLANG_WARN_ENUM_CONVERSION = YES;
				CLANG_WARN_INFINITE_RECURSION = YES;
				CLANG_WARN_INT_CONVERSION = YES;
				CLANG_WARN_NON_LITERAL_NULL_CONVERSION = YES;
				CLANG_WARN_OBJC_IMPLICIT_RETAIN_SELF = YES;
				CLANG_WARN_OBJC_LITERAL_CONVERSION = YES;
				CLANG_WARN_OBJC_ROOT_CLASS = YES_ERROR;
				CLANG_WARN_QUOTED_INCLUDE_IN_FRAMEWORK_HEADER = YES;
				CLANG_WARN_RANGE_LOOP_ANALYSIS = YES;
				CLANG_WARN_STRICT_PROTOTYPES = YES;
				CLANG_WARN_SUSPICIOUS_MOVE = YES;
				CLANG_WARN_UNGUARDED_AVAILABILITY = YES_AGGRESSIVE;
				CLANG_WARN_UNREACHABLE_CODE = YES;
				CLANG_WARN__DUPLICATE_METHOD_MATCH = YES;
				COPY_PHASE_STRIP = NO;
				DEBUG_INFORMATION_FORMAT = "dwarf-with-dsym";
				ENABLE_NS_ASSERTIONS = NO;
				ENABLE_STRICT_OBJC_MSGSEND = YES;
				GCC_C_LANGUAGE_STANDARD = gnu11;
				GCC_NO_COMMON_BLOCKS = YES;
				GCC_WARN_64_TO_32_BIT_CONVERSION = YES;
				GCC_WARN_ABOUT_RETURN_TYPE = YES_ERROR;
				GCC_WARN_UNDECLARED_SELECTOR = YES;
				GCC_WARN_UNINITIALIZED_AUTOS = YES_AGGRESSIVE;
				GCC_WARN_UNUSED_FUNCTION = YES;
				GCC_WARN_UNUSED_VARIABLE = YES;
				IPHONEOS_DEPLOYMENT_TARGET = 15.2;
				MTL_ENABLE_DEBUG_INFO = NO;
				MTL_FAST_MATH = YES;
				SDKROOT = iphoneos;
				SWIFT_COMPILATION_MODE = wholemodule;
				SWIFT_OPTIMIZATION_LEVEL = "-O";
				VALIDATE_PRODUCT = YES;
			};
			name = Release;
		};
		37A57F8128034B1F006CF42B /* Debug */ = {
			isa = XCBuildConfiguration;
			baseConfigurationReference = 04CD1912140C63CB4CC94F98 /* Pods-StockPrice.debug.xcconfig */;
			buildSettings = {
				ASSETCATALOG_COMPILER_APPICON_NAME = AppIcon;
				ASSETCATALOG_COMPILER_GLOBAL_ACCENT_COLOR_NAME = AccentColor;
				CODE_SIGN_STYLE = Automatic;
				CURRENT_PROJECT_VERSION = 1;
				GENERATE_INFOPLIST_FILE = YES;
				INFOPLIST_FILE = StockPrice/Info.plist;
				INFOPLIST_KEY_UIApplicationSupportsIndirectInputEvents = YES;
				INFOPLIST_KEY_UILaunchStoryboardName = LaunchScreen;
				INFOPLIST_KEY_UIMainStoryboardFile = Main;
				INFOPLIST_KEY_UISupportedInterfaceOrientations_iPad = "UIInterfaceOrientationPortrait UIInterfaceOrientationPortraitUpsideDown UIInterfaceOrientationLandscapeLeft UIInterfaceOrientationLandscapeRight";
				INFOPLIST_KEY_UISupportedInterfaceOrientations_iPhone = "UIInterfaceOrientationPortrait UIInterfaceOrientationLandscapeLeft UIInterfaceOrientationLandscapeRight";
				LD_RUNPATH_SEARCH_PATHS = (
					"$(inherited)",
					"@executable_path/Frameworks",
				);
				MARKETING_VERSION = 1.0;
				PRODUCT_BUNDLE_IDENTIFIER = edu.northeastern.mengyi.StockPrice;
				PRODUCT_NAME = "$(TARGET_NAME)";
				SWIFT_EMIT_LOC_STRINGS = YES;
				SWIFT_VERSION = 5.0;
				TARGETED_DEVICE_FAMILY = "1,2";
			};
			name = Debug;
		};
		37A57F8228034B1F006CF42B /* Release */ = {
			isa = XCBuildConfiguration;
			baseConfigurationReference = CEC129AACFC0FC841DF5505A /* Pods-StockPrice.release.xcconfig */;
			buildSettings = {
				ASSETCATALOG_COMPILER_APPICON_NAME = AppIcon;
				ASSETCATALOG_COMPILER_GLOBAL_ACCENT_COLOR_NAME = AccentColor;
				CODE_SIGN_STYLE = Automatic;
				CURRENT_PROJECT_VERSION = 1;
				GENERATE_INFOPLIST_FILE = YES;
				INFOPLIST_FILE = StockPrice/Info.plist;
				INFOPLIST_KEY_UIApplicationSupportsIndirectInputEvents = YES;
				INFOPLIST_KEY_UILaunchStoryboardName = LaunchScreen;
				INFOPLIST_KEY_UIMainStoryboardFile = Main;
				INFOPLIST_KEY_UISupportedInterfaceOrientations_iPad = "UIInterfaceOrientationPortrait UIInterfaceOrientationPortraitUpsideDown UIInterfaceOrientationLandscapeLeft UIInterfaceOrientationLandscapeRight";
				INFOPLIST_KEY_UISupportedInterfaceOrientations_iPhone = "UIInterfaceOrientationPortrait UIInterfaceOrientationLandscapeLeft UIInterfaceOrientationLandscapeRight";
				LD_RUNPATH_SEARCH_PATHS = (
					"$(inherited)",
					"@executable_path/Frameworks",
				);
				MARKETING_VERSION = 1.0;
				PRODUCT_BUNDLE_IDENTIFIER = edu.northeastern.mengyi.StockPrice;
				PRODUCT_NAME = "$(TARGET_NAME)";
				SWIFT_EMIT_LOC_STRINGS = YES;
				SWIFT_VERSION = 5.0;
				TARGETED_DEVICE_FAMILY = "1,2";
			};
			name = Release;
		};
/* End XCBuildConfiguration section */

/* Begin XCConfigurationList section */
		37A57F6728034B1C006CF42B /* Build configuration list for PBXProject "StockPrice" */ = {
			isa = XCConfigurationList;
			buildConfigurations = (
				37A57F7E28034B1F006CF42B /* Debug */,
				37A57F7F28034B1F006CF42B /* Release */,
			);
			defaultConfigurationIsVisible = 0;
			defaultConfigurationName = Release;
		};
		37A57F8028034B1F006CF42B /* Build configuration list for PBXNativeTarget "StockPrice" */ = {
			isa = XCConfigurationList;
			buildConfigurations = (
				37A57F8128034B1F006CF42B /* Debug */,
				37A57F8228034B1F006CF42B /* Release */,
			);
			defaultConfigurationIsVisible = 0;
			defaultConfigurationName = Release;
		};
/* End XCConfigurationList section */
	};
	rootObject = 37A57F6428034B1C006CF42B /* Project object */;
}
